
Microsoft Visual Studio Solution File, Format Version 12.00
# Visual Studio 15
Project("{FAE04EC0-301F-11D3-BF4B-00C04F79EFBC}") = "Assembly-CSharp", "Assembly-CSharp.csproj", "{DAE3611B-1E4C-D5B4-E423-82844B086AFD}"
EndProject
Global
	GlobalSection(SolutionConfigurationPlatforms) = preSolution
		Debug|Any CPU = Debug|Any CPU
		Release|Any CPU = Release|Any CPU
	EndGlobalSection
	GlobalSection(ProjectConfigurationPlatforms) = postSolution
		{DAE3611B-1E4C-D5B4-E423-82844B086AFD}.Debug|Any CPU.ActiveCfg = Debug|Any CPU
		{DAE3611B-1E4C-D5B4-E423-82844B086AFD}.Debug|Any CPU.Build.0 = Debug|Any CPU
		{DAE3611B-1E4C-D5B4-E423-82844B086AFD}.Release|Any CPU.ActiveCfg = Release|Any CPU
		{DAE3611B-1E4C-D5B4-E423-82844B086AFD}.Release|Any CPU.Build.0 = Release|Any CPU
	EndGlobalSection
	GlobalSection(SolutionProperties) = preSolution
		HideSolutionNode = FALSE
	EndGlobalSection
EndGlobal
